
Microsoft Visual Studio Solution File, Format Version 12.00
# Visual Studio Version 17
VisualStudioVersion = 17.10.34916.146
MinimumVisualStudioVersion = 10.0.40219.1
Project("{FAE04EC0-301F-11D3-BF4B-00C04F79EFBC}") = "lab.azure-active-directory-auth", "lab.azure-active-directory-auth.csproj", "{1E1061D2-16C3-41C4-9343-179A3B2433AE}"
EndProject
Global
	GlobalSection(SolutionConfigurationPlatforms) = preSolution
		Debug|Any CPU = Debug|Any CPU
		Release|Any CPU = Release|Any CPU
	EndGlobalSection
	GlobalSection(ProjectConfigurationPlatforms) = postSolution
		{1E1061D2-16C3-41C4-9343-179A3B2433AE}.Debug|Any CPU.ActiveCfg = Debug|Any CPU
		{1E1061D2-16C3-41C4-9343-179A3B2433AE}.Debug|Any CPU.Build.0 = Debug|Any CPU
		{1E1061D2-16C3-41C4-9343-179A3B2433AE}.Release|Any CPU.ActiveCfg = Release|Any CPU
		{1E1061D2-16C3-41C4-9343-179A3B2433AE}.Release|Any CPU.Build.0 = Release|Any CPU
	EndGlobalSection
	GlobalSection(SolutionProperties) = preSolution
		HideSolutionNode = FALSE
	EndGlobalSection
	GlobalSection(ExtensibilityGlobals) = postSolution
		SolutionGuid = {9146D1D0-3F28-44AD-877A-81136022082B}
	EndGlobalSection
EndGlobal
